
Microsoft Visual Studio Solution File, Format Version 12.00
# Visual Studio Version 16
VisualStudioVersion = 16.0.35826.135
MinimumVisualStudioVersion = 10.0.40219.1
Project("{FAE04EC0-301F-11D3-BF4B-00C04F79EFBC}") = "ArduinoFormsTest", "ArduinoFormsTest\ArduinoFormsTest.csproj", "{66A13293-3E1F-49BE-8FCD-C3EF8F7803B5}"
EndProject
Global
	GlobalSection(SolutionConfigurationPlatforms) = preSolution
		Debug|Any CPU = Debug|Any CPU
		Release|Any CPU = Release|Any CPU
	EndGlobalSection
	GlobalSection(ProjectConfigurationPlatforms) = postSolution
		{66A13293-3E1F-49BE-8FCD-C3EF8F7803B5}.Debug|Any CPU.ActiveCfg = Debug|Any CPU
		{66A13293-3E1F-49BE-8FCD-C3EF8F7803B5}.Debug|Any CPU.Build.0 = Debug|Any CPU
		{66A13293-3E1F-49BE-8FCD-C3EF8F7803B5}.Release|Any CPU.ActiveCfg = Release|Any CPU
		{66A13293-3E1F-49BE-8FCD-C3EF8F7803B5}.Release|Any CPU.Build.0 = Release|Any CPU
	EndGlobalSection
	GlobalSection(SolutionProperties) = preSolution
		HideSolutionNode = FALSE
	EndGlobalSection
	GlobalSection(ExtensibilityGlobals) = postSolution
		SolutionGuid = {472A4B5C-F34A-4B42-B464-1B96BE04C6D0}
	EndGlobalSection
EndGlobal
